
Microsoft Visual Studio Solution File, Format Version 12.00
# Visual Studio 15
Project("{FAE04EC0-301F-11D3-BF4B-00C04F79EFBC}") = "Assembly-CSharp", "Assembly-CSharp.csproj", "{FEDF00D3-50BF-A3FD-A3DD-07DBB2D026BD}"
EndProject
Project("{FAE04EC0-301F-11D3-BF4B-00C04F79EFBC}") = "Assembly-CSharp-Editor", "Assembly-CSharp-Editor.csproj", "{8F6F9FDD-1333-7B40-6704-D9B6F1772FB2}"
EndProject
Global
	GlobalSection(SolutionConfigurationPlatforms) = preSolution
		Debug|Any CPU = Debug|Any CPU
		Release|Any CPU = Release|Any CPU
	EndGlobalSection
	GlobalSection(ProjectConfigurationPlatforms) = postSolution
		{FEDF00D3-50BF-A3FD-A3DD-07DBB2D026BD}.Debug|Any CPU.ActiveCfg = Debug|Any CPU
		{FEDF00D3-50BF-A3FD-A3DD-07DBB2D026BD}.Debug|Any CPU.Build.0 = Debug|Any CPU
		{FEDF00D3-50BF-A3FD-A3DD-07DBB2D026BD}.Release|Any CPU.ActiveCfg = Release|Any CPU
		{FEDF00D3-50BF-A3FD-A3DD-07DBB2D026BD}.Release|Any CPU.Build.0 = Release|Any CPU
		{8F6F9FDD-1333-7B40-6704-D9B6F1772FB2}.Debug|Any CPU.ActiveCfg = Debug|Any CPU
		{8F6F9FDD-1333-7B40-6704-D9B6F1772FB2}.Debug|Any CPU.Build.0 = Debug|Any CPU
		{8F6F9FDD-1333-7B40-6704-D9B6F1772FB2}.Release|Any CPU.ActiveCfg = Release|Any CPU
		{8F6F9FDD-1333-7B40-6704-D9B6F1772FB2}.Release|Any CPU.Build.0 = Release|Any CPU
	EndGlobalSection
	GlobalSection(SolutionProperties) = preSolution
		HideSolutionNode = FALSE
	EndGlobalSection
EndGlobal
